
Microsoft Visual Studio Solution File, Format Version 12.00
# Visual Studio 14
VisualStudioVersion = 14.0.25420.1
MinimumVisualStudioVersion = 10.0.40219.1
Project("{FAE04EC0-301F-11D3-BF4B-00C04F79EFBC}") = "DataTools", "DataTools\DataTools.csproj", "{5F5387E4-3177-47B6-928A-72A50B9B8CCA}"
EndProject
Project("{FAE04EC0-301F-11D3-BF4B-00C04F79EFBC}") = "Testing", "Testing\Testing.csproj", "{0BF667D0-61D8-4AFC-8A96-D0ECA4802DD3}"
EndProject
Project("{FAE04EC0-301F-11D3-BF4B-00C04F79EFBC}") = "DataAnalytics", "DataAnalytics\DataAnalytics.csproj", "{F81BB5A7-74BF-4F9F-859A-11FDBC4D6918}"
EndProject
Project("{FAE04EC0-301F-11D3-BF4B-00C04F79EFBC}") = "DataVisualization", "DataVisualization\DataVisualization.csproj", "{1AA04BC8-89F5-421F-B1AC-F6FEFD4401FC}"
EndProject
Global
	GlobalSection(SolutionConfigurationPlatforms) = preSolution
		Debug|Any CPU = Debug|Any CPU
		Release|Any CPU = Release|Any CPU
	EndGlobalSection
	GlobalSection(ProjectConfigurationPlatforms) = postSolution
		{5F5387E4-3177-47B6-928A-72A50B9B8CCA}.Debug|Any CPU.ActiveCfg = Debug|Any CPU
		{5F5387E4-3177-47B6-928A-72A50B9B8CCA}.Debug|Any CPU.Build.0 = Debug|Any CPU
		{5F5387E4-3177-47B6-928A-72A50B9B8CCA}.Release|Any CPU.ActiveCfg = Release|Any CPU
		{5F5387E4-3177-47B6-928A-72A50B9B8CCA}.Release|Any CPU.Build.0 = Release|Any CPU
		{0BF667D0-61D8-4AFC-8A96-D0ECA4802DD3}.Debug|Any CPU.ActiveCfg = Debug|Any CPU
		{0BF667D0-61D8-4AFC-8A96-D0ECA4802DD3}.Debug|Any CPU.Build.0 = Debug|Any CPU
		{0BF667D0-61D8-4AFC-8A96-D0ECA4802DD3}.Release|Any CPU.ActiveCfg = Release|Any CPU
		{0BF667D0-61D8-4AFC-8A96-D0ECA4802DD3}.Release|Any CPU.Build.0 = Release|Any CPU
		{F81BB5A7-74BF-4F9F-859A-11FDBC4D6918}.Debug|Any CPU.ActiveCfg = Debug|Any CPU
		{F81BB5A7-74BF-4F9F-859A-11FDBC4D6918}.Debug|Any CPU.Build.0 = Debug|Any CPU
		{F81BB5A7-74BF-4F9F-859A-11FDBC4D6918}.Release|Any CPU.ActiveCfg = Release|Any CPU
		{F81BB5A7-74BF-4F9F-859A-11FDBC4D6918}.Release|Any CPU.Build.0 = Release|Any CPU
		{1AA04BC8-89F5-421F-B1AC-F6FEFD4401FC}.Debug|Any CPU.ActiveCfg = Debug|Any CPU
		{1AA04BC8-89F5-421F-B1AC-F6FEFD4401FC}.Debug|Any CPU.Build.0 = Debug|Any CPU
		{1AA04BC8-89F5-421F-B1AC-F6FEFD4401FC}.Release|Any CPU.ActiveCfg = Release|Any CPU
		{1AA04BC8-89F5-421F-B1AC-F6FEFD4401FC}.Release|Any CPU.Build.0 = Release|Any CPU
	EndGlobalSection
	GlobalSection(SolutionProperties) = preSolution
		HideSolutionNode = FALSE
	EndGlobalSection
EndGlobal
